// !$*UTF8*$!
{
	archiveVersion = 1;
	classes = {
	};
	objectVersion = 46;
	objects = {

/* Begin PBXBuildFile section */
		242EA800762FBC999CEBA614 /* Pods_Round.framework in Frameworks */ = {isa = PBXBuildFile; fileRef = 19AC52AE2A45F20C3DD12DB4 /* Pods_Round.framework */; };
		2E7FCC2D4FB933D71166CB80 /* Pods_RoundUITests.framework in Frameworks */ = {isa = PBXBuildFile; fileRef = 0033F461FCD4E533EE133858 /* Pods_RoundUITests.framework */; };
		5F7781DFE20715579C60BB8F /* Pods_RoundTests.framework in Frameworks */ = {isa = PBXBuildFile; fileRef = 51A302DA33055006C2C97758 /* Pods_RoundTests.framework */; };
		780AD49A1D47BAC1009DC2EB /* Bolts.framework in Frameworks */ = {isa = PBXBuildFile; fileRef = 780AD4961D47BAC1009DC2EB /* Bolts.framework */; };
		780AD49B1D47BAC1009DC2EB /* FBSDKCoreKit.framework in Frameworks */ = {isa = PBXBuildFile; fileRef = 780AD4971D47BAC1009DC2EB /* FBSDKCoreKit.framework */; };
		780AD49C1D47BAC1009DC2EB /* FBSDKLoginKit.framework in Frameworks */ = {isa = PBXBuildFile; fileRef = 780AD4981D47BAC1009DC2EB /* FBSDKLoginKit.framework */; };
		780AD49D1D47BAC1009DC2EB /* FBSDKShareKit.framework in Frameworks */ = {isa = PBXBuildFile; fileRef = 780AD4991D47BAC1009DC2EB /* FBSDKShareKit.framework */; };
		789568361D489672004FD325 /* AccountKit.framework in Frameworks */ = {isa = PBXBuildFile; fileRef = 789568351D489672004FD325 /* AccountKit.framework */; };
		7895683B1D4A1F69004FD325 /* MainViewController.swift in Sources */ = {isa = PBXBuildFile; fileRef = 7895683A1D4A1F69004FD325 /* MainViewController.swift */; };
		7895683D1D4A2054004FD325 /* Round.swift in Sources */ = {isa = PBXBuildFile; fileRef = 7895683C1D4A2054004FD325 /* Round.swift */; };
		78AF3CB91D3B7A96006BDB30 /* AppDelegate.swift in Sources */ = {isa = PBXBuildFile; fileRef = 78AF3CB81D3B7A96006BDB30 /* AppDelegate.swift */; };
		78AF3CBB1D3B7A96006BDB30 /* LogInViewController.swift in Sources */ = {isa = PBXBuildFile; fileRef = 78AF3CBA1D3B7A96006BDB30 /* LogInViewController.swift */; };
		78AF3CBE1D3B7A96006BDB30 /* Main.storyboard in Resources */ = {isa = PBXBuildFile; fileRef = 78AF3CBC1D3B7A96006BDB30 /* Main.storyboard */; };
		78AF3CC01D3B7A96006BDB30 /* Assets.xcassets in Resources */ = {isa = PBXBuildFile; fileRef = 78AF3CBF1D3B7A96006BDB30 /* Assets.xcassets */; };
		78AF3CC31D3B7A96006BDB30 /* LaunchScreen.storyboard in Resources */ = {isa = PBXBuildFile; fileRef = 78AF3CC11D3B7A96006BDB30 /* LaunchScreen.storyboard */; };
		78AF3CCE1D3B7A97006BDB30 /* RoundTests.swift in Sources */ = {isa = PBXBuildFile; fileRef = 78AF3CCD1D3B7A97006BDB30 /* RoundTests.swift */; };
		78AF3CD91D3B7A97006BDB30 /* RoundUITests.swift in Sources */ = {isa = PBXBuildFile; fileRef = 78AF3CD81D3B7A97006BDB30 /* RoundUITests.swift */; };
		96DA39BD1D5EE81800216433 /* AccountKit.framework in Frameworks */ = {isa = PBXBuildFile; fileRef = 96DA39BC1D5EE81800216433 /* AccountKit.framework */; };
		96DA39C01D5EEDBF00216433 /* OpenRound.storyboard in Resources */ = {isa = PBXBuildFile; fileRef = 96DA39BE1D5EEDBF00216433 /* OpenRound.storyboard */; };
/* End PBXBuildFile section */

/* Begin PBXContainerItemProxy section */
		78AF3CCA1D3B7A97006BDB30 /* PBXContainerItemProxy */ = {
			isa = PBXContainerItemProxy;
			containerPortal = 78AF3CAD1D3B7A96006BDB30 /* Project object */;
			proxyType = 1;
			remoteGlobalIDString = 78AF3CB41D3B7A96006BDB30;
			remoteInfo = Round;
		};
		78AF3CD51D3B7A97006BDB30 /* PBXContainerItemProxy */ = {
			isa = PBXContainerItemProxy;
			containerPortal = 78AF3CAD1D3B7A96006BDB30 /* Project object */;
			proxyType = 1;
			remoteGlobalIDString = 78AF3CB41D3B7A96006BDB30;
			remoteInfo = Round;
		};
/* End PBXContainerItemProxy section */

/* Begin PBXFileReference section */
		0033F461FCD4E533EE133858 /* Pods_RoundUITests.framework */ = {isa = PBXFileReference; explicitFileType = wrapper.framework; includeInIndex = 0; path = Pods_RoundUITests.framework; sourceTree = BUILT_PRODUCTS_DIR; };
		174A26FF8303EA1DBE1063AF /* Pods-RoundUITests.debug.xcconfig */ = {isa = PBXFileReference; includeInIndex = 1; lastKnownFileType = text.xcconfig; name = "Pods-RoundUITests.debug.xcconfig"; path = "Pods/Target Support Files/Pods-RoundUITests/Pods-RoundUITests.debug.xcconfig"; sourceTree = "<group>"; };
		19AC52AE2A45F20C3DD12DB4 /* Pods_Round.framework */ = {isa = PBXFileReference; explicitFileType = wrapper.framework; includeInIndex = 0; path = Pods_Round.framework; sourceTree = BUILT_PRODUCTS_DIR; };
		2D3E77E4E5786C512BB66AC9 /* Pods-Round.release.xcconfig */ = {isa = PBXFileReference; includeInIndex = 1; lastKnownFileType = text.xcconfig; name = "Pods-Round.release.xcconfig"; path = "Pods/Target Support Files/Pods-Round/Pods-Round.release.xcconfig"; sourceTree = "<group>"; };
		4B1B18B2B76273EE029004F2 /* Pods-RoundTests.release.xcconfig */ = {isa = PBXFileReference; includeInIndex = 1; lastKnownFileType = text.xcconfig; name = "Pods-RoundTests.release.xcconfig"; path = "Pods/Target Support Files/Pods-RoundTests/Pods-RoundTests.release.xcconfig"; sourceTree = "<group>"; };
		51A302DA33055006C2C97758 /* Pods_RoundTests.framework */ = {isa = PBXFileReference; explicitFileType = wrapper.framework; includeInIndex = 0; path = Pods_RoundTests.framework; sourceTree = BUILT_PRODUCTS_DIR; };
		577269664DB9D97A9ADBA56B /* Pods-RoundTests.debug.xcconfig */ = {isa = PBXFileReference; includeInIndex = 1; lastKnownFileType = text.xcconfig; name = "Pods-RoundTests.debug.xcconfig"; path = "Pods/Target Support Files/Pods-RoundTests/Pods-RoundTests.debug.xcconfig"; sourceTree = "<group>"; };
		6A27DFC50F9AAD8F6538B8CF /* Pods-Round.debug.xcconfig */ = {isa = PBXFileReference; includeInIndex = 1; lastKnownFileType = text.xcconfig; name = "Pods-Round.debug.xcconfig"; path = "Pods/Target Support Files/Pods-Round/Pods-Round.debug.xcconfig"; sourceTree = "<group>"; };
		780AD4961D47BAC1009DC2EB /* Bolts.framework */ = {isa = PBXFileReference; lastKnownFileType = wrapper.framework; path = Bolts.framework; sourceTree = "<group>"; };
		780AD4971D47BAC1009DC2EB /* FBSDKCoreKit.framework */ = {isa = PBXFileReference; lastKnownFileType = wrapper.framework; path = FBSDKCoreKit.framework; sourceTree = "<group>"; };
		780AD4981D47BAC1009DC2EB /* FBSDKLoginKit.framework */ = {isa = PBXFileReference; lastKnownFileType = wrapper.framework; path = FBSDKLoginKit.framework; sourceTree = "<group>"; };
		780AD4991D47BAC1009DC2EB /* FBSDKShareKit.framework */ = {isa = PBXFileReference; lastKnownFileType = wrapper.framework; path = FBSDKShareKit.framework; sourceTree = "<group>"; };
		789568351D489672004FD325 /* AccountKit.framework */ = {isa = PBXFileReference; lastKnownFileType = wrapper.framework; path = AccountKit.framework; sourceTree = "<group>"; };
		7895683A1D4A1F69004FD325 /* MainViewController.swift */ = {isa = PBXFileReference; fileEncoding = 4; lastKnownFileType = sourcecode.swift; path = MainViewController.swift; sourceTree = "<group>"; };
		7895683C1D4A2054004FD325 /* Round.swift */ = {isa = PBXFileReference; fileEncoding = 4; lastKnownFileType = sourcecode.swift; path = Round.swift; sourceTree = "<group>"; };
		78AF3CB51D3B7A96006BDB30 /* Round.app */ = {isa = PBXFileReference; explicitFileType = wrapper.application; includeInIndex = 0; path = Round.app; sourceTree = BUILT_PRODUCTS_DIR; };
		78AF3CB81D3B7A96006BDB30 /* AppDelegate.swift */ = {isa = PBXFileReference; lastKnownFileType = sourcecode.swift; path = AppDelegate.swift; sourceTree = "<group>"; };
		78AF3CBA1D3B7A96006BDB30 /* LogInViewController.swift */ = {isa = PBXFileReference; lastKnownFileType = sourcecode.swift; path = LogInViewController.swift; sourceTree = "<group>"; };
		78AF3CBD1D3B7A96006BDB30 /* Base */ = {isa = PBXFileReference; lastKnownFileType = file.storyboard; name = Base; path = Base.lproj/Main.storyboard; sourceTree = "<group>"; };
		78AF3CBF1D3B7A96006BDB30 /* Assets.xcassets */ = {isa = PBXFileReference; lastKnownFileType = folder.assetcatalog; path = Assets.xcassets; sourceTree = "<group>"; };
		78AF3CC21D3B7A96006BDB30 /* Base */ = {isa = PBXFileReference; lastKnownFileType = file.storyboard; name = Base; path = Base.lproj/LaunchScreen.storyboard; sourceTree = "<group>"; };
		78AF3CC41D3B7A96006BDB30 /* Info.plist */ = {isa = PBXFileReference; lastKnownFileType = text.plist.xml; path = Info.plist; sourceTree = "<group>"; };
		78AF3CC91D3B7A97006BDB30 /* RoundTests.xctest */ = {isa = PBXFileReference; explicitFileType = wrapper.cfbundle; includeInIndex = 0; path = RoundTests.xctest; sourceTree = BUILT_PRODUCTS_DIR; };
		78AF3CCD1D3B7A97006BDB30 /* RoundTests.swift */ = {isa = PBXFileReference; lastKnownFileType = sourcecode.swift; path = RoundTests.swift; sourceTree = "<group>"; };
		78AF3CCF1D3B7A97006BDB30 /* Info.plist */ = {isa = PBXFileReference; lastKnownFileType = text.plist.xml; path = Info.plist; sourceTree = "<group>"; };
		78AF3CD41D3B7A97006BDB30 /* RoundUITests.xctest */ = {isa = PBXFileReference; explicitFileType = wrapper.cfbundle; includeInIndex = 0; path = RoundUITests.xctest; sourceTree = BUILT_PRODUCTS_DIR; };
		78AF3CD81D3B7A97006BDB30 /* RoundUITests.swift */ = {isa = PBXFileReference; lastKnownFileType = sourcecode.swift; path = RoundUITests.swift; sourceTree = "<group>"; };
		78AF3CDA1D3B7A97006BDB30 /* Info.plist */ = {isa = PBXFileReference; lastKnownFileType = text.plist.xml; path = Info.plist; sourceTree = "<group>"; };
		96DA39BC1D5EE81800216433 /* AccountKit.framework */ = {isa = PBXFileReference; lastKnownFileType = wrapper.framework; path = AccountKit.framework; sourceTree = "<group>"; };
		96DA39BF1D5EEDBF00216433 /* Base */ = {isa = PBXFileReference; lastKnownFileType = file.storyboard; name = Base; path = Base.lproj/OpenRound.storyboard; sourceTree = "<group>"; };
		BADD2EC97ECF1E008C420A70 /* Pods-RoundUITests.release.xcconfig */ = {isa = PBXFileReference; includeInIndex = 1; lastKnownFileType = text.xcconfig; name = "Pods-RoundUITests.release.xcconfig"; path = "Pods/Target Support Files/Pods-RoundUITests/Pods-RoundUITests.release.xcconfig"; sourceTree = "<group>"; };
/* End PBXFileReference section */

/* Begin PBXFrameworksBuildPhase section */
		78AF3CB21D3B7A96006BDB30 /* Frameworks */ = {
			isa = PBXFrameworksBuildPhase;
			buildActionMask = 2147483647;
			files = (
				242EA800762FBC999CEBA614 /* Pods_Round.framework in Frameworks */,
				780AD49B1D47BAC1009DC2EB /* FBSDKCoreKit.framework in Frameworks */,
				96DA39BD1D5EE81800216433 /* AccountKit.framework in Frameworks */,
				780AD49D1D47BAC1009DC2EB /* FBSDKShareKit.framework in Frameworks */,
				789568361D489672004FD325 /* AccountKit.framework in Frameworks */,
				780AD49C1D47BAC1009DC2EB /* FBSDKLoginKit.framework in Frameworks */,
				780AD49A1D47BAC1009DC2EB /* Bolts.framework in Frameworks */,
			);
			runOnlyForDeploymentPostprocessing = 0;
		};
		78AF3CC61D3B7A97006BDB30 /* Frameworks */ = {
			isa = PBXFrameworksBuildPhase;
			buildActionMask = 2147483647;
			files = (
				5F7781DFE20715579C60BB8F /* Pods_RoundTests.framework in Frameworks */,
			);
			runOnlyForDeploymentPostprocessing = 0;
		};
		78AF3CD11D3B7A97006BDB30 /* Frameworks */ = {
			isa = PBXFrameworksBuildPhase;
			buildActionMask = 2147483647;
			files = (
				2E7FCC2D4FB933D71166CB80 /* Pods_RoundUITests.framework in Frameworks */,
			);
			runOnlyForDeploymentPostprocessing = 0;
		};
/* End PBXFrameworksBuildPhase section */

/* Begin PBXGroup section */
		78AF3CAC1D3B7A96006BDB30 = {
			isa = PBXGroup;
			children = (
				78AF3CB71D3B7A96006BDB30 /* Round */,
				78AF3CCC1D3B7A97006BDB30 /* RoundTests */,
				78AF3CD71D3B7A97006BDB30 /* RoundUITests */,
				78AF3CB61D3B7A96006BDB30 /* Products */,
				BAE716AD3AFC2561924301F5 /* Pods */,
				D51411C8D275F5ACEA2AE8EC /* Frameworks */,
			);
			sourceTree = "<group>";
		};
		78AF3CB61D3B7A96006BDB30 /* Products */ = {
			isa = PBXGroup;
			children = (
				78AF3CB51D3B7A96006BDB30 /* Round.app */,
				78AF3CC91D3B7A97006BDB30 /* RoundTests.xctest */,
				78AF3CD41D3B7A97006BDB30 /* RoundUITests.xctest */,
			);
			name = Products;
			sourceTree = "<group>";
		};
		78AF3CB71D3B7A96006BDB30 /* Round */ = {
			isa = PBXGroup;
			children = (
				78AF3CB81D3B7A96006BDB30 /* AppDelegate.swift */,
				78AF3CBA1D3B7A96006BDB30 /* LogInViewController.swift */,
				7895683A1D4A1F69004FD325 /* MainViewController.swift */,
				78B125671D5EEEE100107D1A /* model */,
				78AF3CBC1D3B7A96006BDB30 /* Main.storyboard */,
				96DA39BE1D5EEDBF00216433 /* OpenRound.storyboard */,
				78AF3CBF1D3B7A96006BDB30 /* Assets.xcassets */,
				78AF3CC11D3B7A96006BDB30 /* LaunchScreen.storyboard */,
				78AF3CC41D3B7A96006BDB30 /* Info.plist */,
			);
			path = Round;
			sourceTree = "<group>";
		};
		78AF3CCC1D3B7A97006BDB30 /* RoundTests */ = {
			isa = PBXGroup;
			children = (
				78AF3CCD1D3B7A97006BDB30 /* RoundTests.swift */,
				78AF3CCF1D3B7A97006BDB30 /* Info.plist */,
			);
			path = RoundTests;
			sourceTree = "<group>";
		};
		78AF3CD71D3B7A97006BDB30 /* RoundUITests */ = {
			isa = PBXGroup;
			children = (
				78AF3CD81D3B7A97006BDB30 /* RoundUITests.swift */,
				78AF3CDA1D3B7A97006BDB30 /* Info.plist */,
			);
			path = RoundUITests;
			sourceTree = "<group>";
		};
		78B125671D5EEEE100107D1A /* model */ = {
			isa = PBXGroup;
			children = (
				7895683C1D4A2054004FD325 /* Round.swift */,
			);
			name = model;
			sourceTree = "<group>";
		};
		BAE716AD3AFC2561924301F5 /* Pods */ = {
			isa = PBXGroup;
			children = (
				6A27DFC50F9AAD8F6538B8CF /* Pods-Round.debug.xcconfig */,
				2D3E77E4E5786C512BB66AC9 /* Pods-Round.release.xcconfig */,
				577269664DB9D97A9ADBA56B /* Pods-RoundTests.debug.xcconfig */,
				4B1B18B2B76273EE029004F2 /* Pods-RoundTests.release.xcconfig */,
				174A26FF8303EA1DBE1063AF /* Pods-RoundUITests.debug.xcconfig */,
				BADD2EC97ECF1E008C420A70 /* Pods-RoundUITests.release.xcconfig */,
			);
			name = Pods;
			sourceTree = "<group>";
		};
		D51411C8D275F5ACEA2AE8EC /* Frameworks */ = {
			isa = PBXGroup;
			children = (
				96DA39BC1D5EE81800216433 /* AccountKit.framework */,
				789568351D489672004FD325 /* AccountKit.framework */,
				780AD4961D47BAC1009DC2EB /* Bolts.framework */,
				780AD4971D47BAC1009DC2EB /* FBSDKCoreKit.framework */,
				780AD4981D47BAC1009DC2EB /* FBSDKLoginKit.framework */,
				780AD4991D47BAC1009DC2EB /* FBSDKShareKit.framework */,
				19AC52AE2A45F20C3DD12DB4 /* Pods_Round.framework */,
				51A302DA33055006C2C97758 /* Pods_RoundTests.framework */,
				0033F461FCD4E533EE133858 /* Pods_RoundUITests.framework */,
			);
			name = Frameworks;
			sourceTree = "<group>";
		};
/* End PBXGroup section */

/* Begin PBXNativeTarget section */
		78AF3CB41D3B7A96006BDB30 /* Round */ = {
			isa = PBXNativeTarget;
			buildConfigurationList = 78AF3CDD1D3B7A97006BDB30 /* Build configuration list for PBXNativeTarget "Round" */;
			buildPhases = (
				6CCD1AF6C63905497F0674EA /* [CP] Check Pods Manifest.lock */,
				78AF3CB11D3B7A96006BDB30 /* Sources */,
				78AF3CB21D3B7A96006BDB30 /* Frameworks */,
				78AF3CB31D3B7A96006BDB30 /* Resources */,
				CFA5FAACEF55051C37E1C8C5 /* [CP] Embed Pods Frameworks */,
				053F3A76B1A3B011BF09B90E /* [CP] Copy Pods Resources */,
			);
			buildRules = (
			);
			dependencies = (
			);
			name = Round;
			productName = Round;
			productReference = 78AF3CB51D3B7A96006BDB30 /* Round.app */;
			productType = "com.apple.product-type.application";
		};
		78AF3CC81D3B7A97006BDB30 /* RoundTests */ = {
			isa = PBXNativeTarget;
			buildConfigurationList = 78AF3CE01D3B7A97006BDB30 /* Build configuration list for PBXNativeTarget "RoundTests" */;
			buildPhases = (
				6E86A6491841FD3784D87B70 /* [CP] Check Pods Manifest.lock */,
				78AF3CC51D3B7A97006BDB30 /* Sources */,
				78AF3CC61D3B7A97006BDB30 /* Frameworks */,
				78AF3CC71D3B7A97006BDB30 /* Resources */,
				5FF2332AF7F83A526987F324 /* [CP] Embed Pods Frameworks */,
				58A149373A88AB0CD5621261 /* [CP] Copy Pods Resources */,
			);
			buildRules = (
			);
			dependencies = (
				78AF3CCB1D3B7A97006BDB30 /* PBXTargetDependency */,
			);
			name = RoundTests;
			productName = RoundTests;
			productReference = 78AF3CC91D3B7A97006BDB30 /* RoundTests.xctest */;
			productType = "com.apple.product-type.bundle.unit-test";
		};
		78AF3CD31D3B7A97006BDB30 /* RoundUITests */ = {
			isa = PBXNativeTarget;
			buildConfigurationList = 78AF3CE31D3B7A97006BDB30 /* Build configuration list for PBXNativeTarget "RoundUITests" */;
			buildPhases = (
				7DDB362F38C3BBE4B8FA4AA5 /* [CP] Check Pods Manifest.lock */,
				78AF3CD01D3B7A97006BDB30 /* Sources */,
				78AF3CD11D3B7A97006BDB30 /* Frameworks */,
				78AF3CD21D3B7A97006BDB30 /* Resources */,
				1B2EC4FEAE381DB3CC8CD641 /* [CP] Copy Pods Resources */,
			);
			buildRules = (
			);
			dependencies = (
				78AF3CD61D3B7A97006BDB30 /* PBXTargetDependency */,
			);
			name = RoundUITests;
			productName = RoundUITests;
			productReference = 78AF3CD41D3B7A97006BDB30 /* RoundUITests.xctest */;
			productType = "com.apple.product-type.bundle.ui-testing";
		};
/* End PBXNativeTarget section */

/* Begin PBXProject section */
		78AF3CAD1D3B7A96006BDB30 /* Project object */ = {
			isa = PBXProject;
			attributes = {
				LastSwiftUpdateCheck = 0730;
				LastUpgradeCheck = 0730;
				ORGANIZATIONNAME = yeniyoo;
				TargetAttributes = {
					78AF3CB41D3B7A96006BDB30 = {
						CreatedOnToolsVersion = 7.3.1;
						DevelopmentTeam = XM596G3X3G;
					};
					78AF3CC81D3B7A97006BDB30 = {
						CreatedOnToolsVersion = 7.3.1;
						TestTargetID = 78AF3CB41D3B7A96006BDB30;
					};
					78AF3CD31D3B7A97006BDB30 = {
						CreatedOnToolsVersion = 7.3.1;
						TestTargetID = 78AF3CB41D3B7A96006BDB30;
					};
				};
			};
			buildConfigurationList = 78AF3CB01D3B7A96006BDB30 /* Build configuration list for PBXProject "Round" */;
			compatibilityVersion = "Xcode 3.2";
			developmentRegion = English;
			hasScannedForEncodings = 0;
			knownRegions = (
				en,
				Base,
			);
			mainGroup = 78AF3CAC1D3B7A96006BDB30;
			productRefGroup = 78AF3CB61D3B7A96006BDB30 /* Products */;
			projectDirPath = "";
			projectRoot = "";
			targets = (
				78AF3CB41D3B7A96006BDB30 /* Round */,
				78AF3CC81D3B7A97006BDB30 /* RoundTests */,
				78AF3CD31D3B7A97006BDB30 /* RoundUITests */,
			);
		};
/* End PBXProject section */

/* Begin PBXResourcesBuildPhase section */
		78AF3CB31D3B7A96006BDB30 /* Resources */ = {
			isa = PBXResourcesBuildPhase;
			buildActionMask = 2147483647;
			files = (
				78AF3CC31D3B7A96006BDB30 /* LaunchScreen.storyboard in Resources */,
				96DA39C01D5EEDBF00216433 /* OpenRound.storyboard in Resources */,
				78AF3CC01D3B7A96006BDB30 /* Assets.xcassets in Resources */,
				78AF3CBE1D3B7A96006BDB30 /* Main.storyboard in Resources */,
			);
			runOnlyForDeploymentPostprocessing = 0;
		};
		78AF3CC71D3B7A97006BDB30 /* Resources */ = {
			isa = PBXResourcesBuildPhase;
			buildActionMask = 2147483647;
			files = (
			);
			runOnlyForDeploymentPostprocessing = 0;
		};
		78AF3CD21D3B7A97006BDB30 /* Resources */ = {
			isa = PBXResourcesBuildPhase;
			buildActionMask = 2147483647;
			files = (
			);
			runOnlyForDeploymentPostprocessing = 0;
		};
/* End PBXResourcesBuildPhase section */

/* Begin PBXShellScriptBuildPhase section */
		053F3A76B1A3B011BF09B90E /* [CP] Copy Pods Resources */ = {
			isa = PBXShellScriptBuildPhase;
			buildActionMask = 2147483647;
			files = (
			);
			inputPaths = (
			);
			name = "[CP] Copy Pods Resources";
			outputPaths = (
			);
			runOnlyForDeploymentPostprocessing = 0;
			shellPath = /bin/sh;
			shellScript = "\"${SRCROOT}/Pods/Target Support Files/Pods-Round/Pods-Round-resources.sh\"\n";
			showEnvVarsInLog = 0;
		};
		1B2EC4FEAE381DB3CC8CD641 /* [CP] Copy Pods Resources */ = {
			isa = PBXShellScriptBuildPhase;
			buildActionMask = 2147483647;
			files = (
			);
			inputPaths = (
			);
			name = "[CP] Copy Pods Resources";
			outputPaths = (
			);
			runOnlyForDeploymentPostprocessing = 0;
			shellPath = /bin/sh;
			shellScript = "\"${SRCROOT}/Pods/Target Support Files/Pods-RoundUITests/Pods-RoundUITests-resources.sh\"\n";
			showEnvVarsInLog = 0;
		};
		58A149373A88AB0CD5621261 /* [CP] Copy Pods Resources */ = {
			isa = PBXShellScriptBuildPhase;
			buildActionMask = 2147483647;
			files = (
			);
			inputPaths = (
			);
			name = "[CP] Copy Pods Resources";
			outputPaths = (
			);
			runOnlyForDeploymentPostprocessing = 0;
			shellPath = /bin/sh;
			shellScript = "\"${SRCROOT}/Pods/Target Support Files/Pods-RoundTests/Pods-RoundTests-resources.sh\"\n";
			showEnvVarsInLog = 0;
		};
		5FF2332AF7F83A526987F324 /* [CP] Embed Pods Frameworks */ = {
			isa = PBXShellScriptBuildPhase;
			buildActionMask = 2147483647;
			files = (
			);
			inputPaths = (
			);
			name = "[CP] Embed Pods Frameworks";
			outputPaths = (
			);
			runOnlyForDeploymentPostprocessing = 0;
			shellPath = /bin/sh;
			shellScript = "\"${SRCROOT}/Pods/Target Support Files/Pods-RoundTests/Pods-RoundTests-frameworks.sh\"\n";
			showEnvVarsInLog = 0;
		};
		6CCD1AF6C63905497F0674EA /* [CP] Check Pods Manifest.lock */ = {
			isa = PBXShellScriptBuildPhase;
			buildActionMask = 2147483647;
			files = (
			);
			inputPaths = (
			);
			name = "[CP] Check Pods Manifest.lock";
			outputPaths = (
			);
			runOnlyForDeploymentPostprocessing = 0;
			shellPath = /bin/sh;
			shellScript = "diff \"${PODS_ROOT}/../Podfile.lock\" \"${PODS_ROOT}/Manifest.lock\" > /dev/null\nif [[ $? != 0 ]] ; then\n    cat << EOM\nerror: The sandbox is not in sync with the Podfile.lock. Run 'pod install' or update your CocoaPods installation.\nEOM\n    exit 1\nfi\n";
			showEnvVarsInLog = 0;
		};
		6E86A6491841FD3784D87B70 /* [CP] Check Pods Manifest.lock */ = {
			isa = PBXShellScriptBuildPhase;
			buildActionMask = 2147483647;
			files = (
			);
			inputPaths = (
			);
			name = "[CP] Check Pods Manifest.lock";
			outputPaths = (
			);
			runOnlyForDeploymentPostprocessing = 0;
			shellPath = /bin/sh;
			shellScript = "diff \"${PODS_ROOT}/../Podfile.lock\" \"${PODS_ROOT}/Manifest.lock\" > /dev/null\nif [[ $? != 0 ]] ; then\n    cat << EOM\nerror: The sandbox is not in sync with the Podfile.lock. Run 'pod install' or update your CocoaPods installation.\nEOM\n    exit 1\nfi\n";
			showEnvVarsInLog = 0;
		};
		7DDB362F38C3BBE4B8FA4AA5 /* [CP] Check Pods Manifest.lock */ = {
			isa = PBXShellScriptBuildPhase;
			buildActionMask = 2147483647;
			files = (
			);
			inputPaths = (
			);
			name = "[CP] Check Pods Manifest.lock";
			outputPaths = (
			);
			runOnlyForDeploymentPostprocessing = 0;
			shellPath = /bin/sh;
			shellScript = "diff \"${PODS_ROOT}/../Podfile.lock\" \"${PODS_ROOT}/Manifest.lock\" > /dev/null\nif [[ $? != 0 ]] ; then\n    cat << EOM\nerror: The sandbox is not in sync with the Podfile.lock. Run 'pod install' or update your CocoaPods installation.\nEOM\n    exit 1\nfi\n";
			showEnvVarsInLog = 0;
		};
		CFA5FAACEF55051C37E1C8C5 /* [CP] Embed Pods Frameworks */ = {
			isa = PBXShellScriptBuildPhase;
			buildActionMask = 2147483647;
			files = (
			);
			inputPaths = (
			);
			name = "[CP] Embed Pods Frameworks";
			outputPaths = (
			);
			runOnlyForDeploymentPostprocessing = 0;
			shellPath = /bin/sh;
			shellScript = "\"${SRCROOT}/Pods/Target Support Files/Pods-Round/Pods-Round-frameworks.sh\"\n";
			showEnvVarsInLog = 0;
		};
/* End PBXShellScriptBuildPhase section */

/* Begin PBXSourcesBuildPhase section */
		78AF3CB11D3B7A96006BDB30 /* Sources */ = {
			isa = PBXSourcesBuildPhase;
			buildActionMask = 2147483647;
			files = (
				7895683B1D4A1F69004FD325 /* MainViewController.swift in Sources */,
				78AF3CBB1D3B7A96006BDB30 /* LogInViewController.swift in Sources */,
				7895683D1D4A2054004FD325 /* Round.swift in Sources */,
				78AF3CB91D3B7A96006BDB30 /* AppDelegate.swift in Sources */,
			);
			runOnlyForDeploymentPostprocessing = 0;
		};
		78AF3CC51D3B7A97006BDB30 /* Sources */ = {
			isa = PBXSourcesBuildPhase;
			buildActionMask = 2147483647;
			files = (
				78AF3CCE1D3B7A97006BDB30 /* RoundTests.swift in Sources */,
			);
			runOnlyForDeploymentPostprocessing = 0;
		};
		78AF3CD01D3B7A97006BDB30 /* Sources */ = {
			isa = PBXSourcesBuildPhase;
			buildActionMask = 2147483647;
			files = (
				78AF3CD91D3B7A97006BDB30 /* RoundUITests.swift in Sources */,
			);
			runOnlyForDeploymentPostprocessing = 0;
		};
/* End PBXSourcesBuildPhase section */

/* Begin PBXTargetDependency section */
		78AF3CCB1D3B7A97006BDB30 /* PBXTargetDependency */ = {
			isa = PBXTargetDependency;
			target = 78AF3CB41D3B7A96006BDB30 /* Round */;
			targetProxy = 78AF3CCA1D3B7A97006BDB30 /* PBXContainerItemProxy */;
		};
		78AF3CD61D3B7A97006BDB30 /* PBXTargetDependency */ = {
			isa = PBXTargetDependency;
			target = 78AF3CB41D3B7A96006BDB30 /* Round */;
			targetProxy = 78AF3CD51D3B7A97006BDB30 /* PBXContainerItemProxy */;
		};
/* End PBXTargetDependency section */

/* Begin PBXVariantGroup section */
		78AF3CBC1D3B7A96006BDB30 /* Main.storyboard */ = {
			isa = PBXVariantGroup;
			children = (
				78AF3CBD1D3B7A96006BDB30 /* Base */,
			);
			name = Main.storyboard;
			sourceTree = "<group>";
		};
		78AF3CC11D3B7A96006BDB30 /* LaunchScreen.storyboard */ = {
			isa = PBXVariantGroup;
			children = (
				78AF3CC21D3B7A96006BDB30 /* Base */,
			);
			name = LaunchScreen.storyboard;
			sourceTree = "<group>";
		};
		96DA39BE1D5EEDBF00216433 /* OpenRound.storyboard */ = {
			isa = PBXVariantGroup;
			children = (
				96DA39BF1D5EEDBF00216433 /* Base */,
			);
			name = OpenRound.storyboard;
			sourceTree = "<group>";
		};
/* End PBXVariantGroup section */

/* Begin XCBuildConfiguration section */
		78AF3CDB1D3B7A97006BDB30 /* Debug */ = {
			isa = XCBuildConfiguration;
			buildSettings = {
				ALWAYS_SEARCH_USER_PATHS = NO;
				CLANG_ANALYZER_NONNULL = YES;
				CLANG_CXX_LANGUAGE_STANDARD = "gnu++0x";
				CLANG_CXX_LIBRARY = "libc++";
				CLANG_ENABLE_MODULES = YES;
				CLANG_ENABLE_OBJC_ARC = YES;
				CLANG_WARN_BOOL_CONVERSION = YES;
				CLANG_WARN_CONSTANT_CONVERSION = YES;
				CLANG_WARN_DIRECT_OBJC_ISA_USAGE = YES_ERROR;
				CLANG_WARN_EMPTY_BODY = YES;
				CLANG_WARN_ENUM_CONVERSION = YES;
				CLANG_WARN_INT_CONVERSION = YES;
				CLANG_WARN_OBJC_ROOT_CLASS = YES_ERROR;
				CLANG_WARN_UNREACHABLE_CODE = YES;
				CLANG_WARN__DUPLICATE_METHOD_MATCH = YES;
				"CODE_SIGN_IDENTITY[sdk=iphoneos*]" = "iPhone Developer";
				COPY_PHASE_STRIP = NO;
				DEBUG_INFORMATION_FORMAT = dwarf;
				ENABLE_STRICT_OBJC_MSGSEND = YES;
				ENABLE_TESTABILITY = YES;
				GCC_C_LANGUAGE_STANDARD = gnu99;
				GCC_DYNAMIC_NO_PIC = NO;
				GCC_NO_COMMON_BLOCKS = YES;
				GCC_OPTIMIZATION_LEVEL = 0;
				GCC_PREPROCESSOR_DEFINITIONS = (
					"DEBUG=1",
					"$(inherited)",
				);
				GCC_WARN_64_TO_32_BIT_CONVERSION = YES;
				GCC_WARN_ABOUT_RETURN_TYPE = YES_ERROR;
				GCC_WARN_UNDECLARED_SELECTOR = YES;
				GCC_WARN_UNINITIALIZED_AUTOS = YES_AGGRESSIVE;
				GCC_WARN_UNUSED_FUNCTION = YES;
				GCC_WARN_UNUSED_VARIABLE = YES;
				IPHONEOS_DEPLOYMENT_TARGET = 9.3;
				MTL_ENABLE_DEBUG_INFO = YES;
				ONLY_ACTIVE_ARCH = YES;
				SDKROOT = iphoneos;
				SWIFT_OPTIMIZATION_LEVEL = "-Onone";
			};
			name = Debug;
		};
		78AF3CDC1D3B7A97006BDB30 /* Release */ = {
			isa = XCBuildConfiguration;
			buildSettings = {
				ALWAYS_SEARCH_USER_PATHS = NO;
				CLANG_ANALYZER_NONNULL = YES;
				CLANG_CXX_LANGUAGE_STANDARD = "gnu++0x";
				CLANG_CXX_LIBRARY = "libc++";
				CLANG_ENABLE_MODULES = YES;
				CLANG_ENABLE_OBJC_ARC = YES;
				CLANG_WARN_BOOL_CONVERSION = YES;
				CLANG_WARN_CONSTANT_CONVERSION = YES;
				CLANG_WARN_DIRECT_OBJC_ISA_USAGE = YES_ERROR;
				CLANG_WARN_EMPTY_BODY = YES;
				CLANG_WARN_ENUM_CONVERSION = YES;
				CLANG_WARN_INT_CONVERSION = YES;
				CLANG_WARN_OBJC_ROOT_CLASS = YES_ERROR;
				CLANG_WARN_UNREACHABLE_CODE = YES;
				CLANG_WARN__DUPLICATE_METHOD_MATCH = YES;
				"CODE_SIGN_IDENTITY[sdk=iphoneos*]" = "iPhone Developer";
				COPY_PHASE_STRIP = NO;
				DEBUG_INFORMATION_FORMAT = "dwarf-with-dsym";
				ENABLE_NS_ASSERTIONS = NO;
				ENABLE_STRICT_OBJC_MSGSEND = YES;
				GCC_C_LANGUAGE_STANDARD = gnu99;
				GCC_NO_COMMON_BLOCKS = YES;
				GCC_WARN_64_TO_32_BIT_CONVERSION = YES;
				GCC_WARN_ABOUT_RETURN_TYPE = YES_ERROR;
				GCC_WARN_UNDECLARED_SELECTOR = YES;
				GCC_WARN_UNINITIALIZED_AUTOS = YES_AGGRESSIVE;
				GCC_WARN_UNUSED_FUNCTION = YES;
				GCC_WARN_UNUSED_VARIABLE = YES;
				IPHONEOS_DEPLOYMENT_TARGET = 9.3;
				MTL_ENABLE_DEBUG_INFO = NO;
				SDKROOT = iphoneos;
				VALIDATE_PRODUCT = YES;
			};
			name = Release;
		};
		78AF3CDE1D3B7A97006BDB30 /* Debug */ = {
			isa = XCBuildConfiguration;
			baseConfigurationReference = 6A27DFC50F9AAD8F6538B8CF /* Pods-Round.debug.xcconfig */;
			buildSettings = {
				ASSETCATALOG_COMPILER_APPICON_NAME = AppIcon;
				CODE_SIGN_IDENTITY = "iPhone Developer";
				"CODE_SIGN_IDENTITY[sdk=iphoneos*]" = "iPhone Developer";
				FRAMEWORK_SEARCH_PATHS = (
					"$(inherited)",
					"$(PROJECT_DIR)",
				);
				INFOPLIST_FILE = Round/Info.plist;
				LD_RUNPATH_SEARCH_PATHS = "$(inherited) @executable_path/Frameworks";
				PRODUCT_BUNDLE_IDENTIFIER = com.nexters.yeniyoo.Round;
				PRODUCT_NAME = "$(TARGET_NAME)";
				PROVISIONING_PROFILE = "";
			};
			name = Debug;
		};
		78AF3CDF1D3B7A97006BDB30 /* Release */ = {
			isa = XCBuildConfiguration;
			baseConfigurationReference = 2D3E77E4E5786C512BB66AC9 /* Pods-Round.release.xcconfig */;
			buildSettings = {
				ASSETCATALOG_COMPILER_APPICON_NAME = AppIcon;
				CODE_SIGN_IDENTITY = "iPhone Developer";
				"CODE_SIGN_IDENTITY[sdk=iphoneos*]" = "iPhone Developer";
				FRAMEWORK_SEARCH_PATHS = (
					"$(inherited)",
					"$(PROJECT_DIR)",
				);
				INFOPLIST_FILE = Round/Info.plist;
				LD_RUNPATH_SEARCH_PATHS = "$(inherited) @executable_path/Frameworks";
				PRODUCT_BUNDLE_IDENTIFIER = com.nexters.yeniyoo.Round;
				PRODUCT_NAME = "$(TARGET_NAME)";
				PROVISIONING_PROFILE = "";
			};
			name = Release;
		};
		78AF3CE11D3B7A97006BDB30 /* Debug */ = {
			isa = XCBuildConfiguration;
			baseConfigurationReference = 577269664DB9D97A9ADBA56B /* Pods-RoundTests.debug.xcconfig */;
			buildSettings = {
				BUNDLE_LOADER = "$(TEST_HOST)";
				INFOPLIST_FILE = RoundTests/Info.plist;
				LD_RUNPATH_SEARCH_PATHS = "$(inherited) @executable_path/Frameworks @loader_path/Frameworks";
				PRODUCT_BUNDLE_IDENTIFIER = com.nexters.yeniyoo.RoundTests;
				PRODUCT_NAME = "$(TARGET_NAME)";
				TEST_HOST = "$(BUILT_PRODUCTS_DIR)/Round.app/Round";
			};
			name = Debug;
		};
		78AF3CE21D3B7A97006BDB30 /* Release */ = {
			isa = XCBuildConfiguration;
			baseConfigurationReference = 4B1B18B2B76273EE029004F2 /* Pods-RoundTests.release.xcconfig */;
			buildSettings = {
				BUNDLE_LOADER = "$(TEST_HOST)";
				INFOPLIST_FILE = RoundTests/Info.plist;
				LD_RUNPATH_SEARCH_PATHS = "$(inherited) @executable_path/Frameworks @loader_path/Frameworks";
				PRODUCT_BUNDLE_IDENTIFIER = com.nexters.yeniyoo.RoundTests;
				PRODUCT_NAME = "$(TARGET_NAME)";
				TEST_HOST = "$(BUILT_PRODUCTS_DIR)/Round.app/Round";
			};
			name = Release;
		};
		78AF3CE41D3B7A97006BDB30 /* Debug */ = {
			isa = XCBuildConfiguration;
			baseConfigurationReference = 174A26FF8303EA1DBE1063AF /* Pods-RoundUITests.debug.xcconfig */;
			buildSettings = {
				INFOPLIST_FILE = RoundUITests/Info.plist;
				LD_RUNPATH_SEARCH_PATHS = "$(inherited) @executable_path/Frameworks @loader_path/Frameworks";
				PRODUCT_BUNDLE_IDENTIFIER = com.nexters.yeniyoo.RoundUITests;
				PRODUCT_NAME = "$(TARGET_NAME)";
				TEST_TARGET_NAME = Round;
			};
			name = Debug;
		};
		78AF3CE51D3B7A97006BDB30 /* Release */ = {
			isa = XCBuildConfiguration;
			baseConfigurationReference = BADD2EC97ECF1E008C420A70 /* Pods-RoundUITests.release.xcconfig */;
			buildSettings = {
				INFOPLIST_FILE = RoundUITests/Info.plist;
				LD_RUNPATH_SEARCH_PATHS = "$(inherited) @executable_path/Frameworks @loader_path/Frameworks";
				PRODUCT_BUNDLE_IDENTIFIER = com.nexters.yeniyoo.RoundUITests;
				PRODUCT_NAME = "$(TARGET_NAME)";
				TEST_TARGET_NAME = Round;
			};
			name = Release;
		};
/* End XCBuildConfiguration section */

/* Begin XCConfigurationList section */
		78AF3CB01D3B7A96006BDB30 /* Build configuration list for PBXProject "Round" */ = {
			isa = XCConfigurationList;
			buildConfigurations = (
				78AF3CDB1D3B7A97006BDB30 /* Debug */,
				78AF3CDC1D3B7A97006BDB30 /* Release */,
			);
			defaultConfigurationIsVisible = 0;
			defaultConfigurationName = Release;
		};
		78AF3CDD1D3B7A97006BDB30 /* Build configuration list for PBXNativeTarget "Round" */ = {
			isa = XCConfigurationList;
			buildConfigurations = (
				78AF3CDE1D3B7A97006BDB30 /* Debug */,
				78AF3CDF1D3B7A97006BDB30 /* Release */,
			);
			defaultConfigurationIsVisible = 0;
			defaultConfigurationName = Release;
		};
		78AF3CE01D3B7A97006BDB30 /* Build configuration list for PBXNativeTarget "RoundTests" */ = {
			isa = XCConfigurationList;
			buildConfigurations = (
				78AF3CE11D3B7A97006BDB30 /* Debug */,
				78AF3CE21D3B7A97006BDB30 /* Release */,
			);
			defaultConfigurationIsVisible = 0;
			defaultConfigurationName = Release;
		};
		78AF3CE31D3B7A97006BDB30 /* Build configuration list for PBXNativeTarget "RoundUITests" */ = {
			isa = XCConfigurationList;
			buildConfigurations = (
				78AF3CE41D3B7A97006BDB30 /* Debug */,
				78AF3CE51D3B7A97006BDB30 /* Release */,
			);
			defaultConfigurationIsVisible = 0;
			defaultConfigurationName = Release;
		};
/* End XCConfigurationList section */
	};
	rootObject = 78AF3CAD1D3B7A96006BDB30 /* Project object */;
}
